
Microsoft Visual Studio Solution File, Format Version 12.00
# Visual Studio Version 16
VisualStudioVersion = 16.0.29609.76
MinimumVisualStudioVersion = 10.0.40219.1
Project("{FAE04EC0-301F-11D3-BF4B-00C04F79EFBC}") = "OCR(WF)", "OCR(WF)\OCR(WF).csproj", "{447CE6D1-F981-4A95-9A15-DFB43D6E188F}"
EndProject
Global
	GlobalSection(SolutionConfigurationPlatforms) = preSolution
		Debug|Any CPU = Debug|Any CPU
		Release|Any CPU = Release|Any CPU
	EndGlobalSection
	GlobalSection(ProjectConfigurationPlatforms) = postSolution
		{447CE6D1-F981-4A95-9A15-DFB43D6E188F}.Debug|Any CPU.ActiveCfg = Debug|Any CPU
		{447CE6D1-F981-4A95-9A15-DFB43D6E188F}.Debug|Any CPU.Build.0 = Debug|Any CPU
		{447CE6D1-F981-4A95-9A15-DFB43D6E188F}.Release|Any CPU.ActiveCfg = Release|Any CPU
		{447CE6D1-F981-4A95-9A15-DFB43D6E188F}.Release|Any CPU.Build.0 = Release|Any CPU
	EndGlobalSection
	GlobalSection(SolutionProperties) = preSolution
		HideSolutionNode = FALSE
	EndGlobalSection
	GlobalSection(ExtensibilityGlobals) = postSolution
		SolutionGuid = {6B90875A-F6E1-42A3-9459-A2EFA4E78678}
	EndGlobalSection
EndGlobal
